
Microsoft Visual Studio Solution File, Format Version 12.00
# Visual Studio Version 16
VisualStudioVersion = 16.0.29519.87
MinimumVisualStudioVersion = 10.0.40219.1
Project("{9A19103F-16F7-4668-BE54-9A1E7A4F7556}") = "breaking-hashcode", "breaking-hashcode.csproj", "{61105416-00C9-41FB-B1E8-3ABEE08BBECB}"
EndProject
Project("{FAE04EC0-301F-11D3-BF4B-00C04F79EFBC}") = "EqualsImplementedIncorrectly", "..\EqualsImplementedIncorrectly\EqualsImplementedIncorrectly.csproj", "{4015A048-DD51-4218-A62D-F523659F7040}"
EndProject
Project("{FAE04EC0-301F-11D3-BF4B-00C04F79EFBC}") = "Data", "..\Data\Data.csproj", "{806D2595-012F-4A66-997F-0342245B3230}"
EndProject
Project("{FAE04EC0-301F-11D3-BF4B-00C04F79EFBC}") = "GetHashCodeImplementedIncorrectly", "..\GetHashCodeImplementedIncorrectly\GetHashCodeImplementedIncorrectly.csproj", "{68BFD2A9-09B2-4A30-A8AA-0D9FE130AF0F}"
EndProject
Project("{FAE04EC0-301F-11D3-BF4B-00C04F79EFBC}") = "InefficientBucketDistribution", "..\InefficientBucketDistribution\InefficientBucketDistribution.csproj", "{0FDBC2CB-3F3B-4A96-B09B-56F637A9E02E}"
EndProject
Global
	GlobalSection(SolutionConfigurationPlatforms) = preSolution
		Debug|Any CPU = Debug|Any CPU
		Release|Any CPU = Release|Any CPU
	EndGlobalSection
	GlobalSection(ProjectConfigurationPlatforms) = postSolution
		{61105416-00C9-41FB-B1E8-3ABEE08BBECB}.Debug|Any CPU.ActiveCfg = Debug|Any CPU
		{61105416-00C9-41FB-B1E8-3ABEE08BBECB}.Debug|Any CPU.Build.0 = Debug|Any CPU
		{61105416-00C9-41FB-B1E8-3ABEE08BBECB}.Release|Any CPU.ActiveCfg = Release|Any CPU
		{61105416-00C9-41FB-B1E8-3ABEE08BBECB}.Release|Any CPU.Build.0 = Release|Any CPU
		{4015A048-DD51-4218-A62D-F523659F7040}.Debug|Any CPU.ActiveCfg = Debug|Any CPU
		{4015A048-DD51-4218-A62D-F523659F7040}.Debug|Any CPU.Build.0 = Debug|Any CPU
		{4015A048-DD51-4218-A62D-F523659F7040}.Release|Any CPU.ActiveCfg = Release|Any CPU
		{4015A048-DD51-4218-A62D-F523659F7040}.Release|Any CPU.Build.0 = Release|Any CPU
		{806D2595-012F-4A66-997F-0342245B3230}.Debug|Any CPU.ActiveCfg = Debug|Any CPU
		{806D2595-012F-4A66-997F-0342245B3230}.Debug|Any CPU.Build.0 = Debug|Any CPU
		{806D2595-012F-4A66-997F-0342245B3230}.Release|Any CPU.ActiveCfg = Release|Any CPU
		{806D2595-012F-4A66-997F-0342245B3230}.Release|Any CPU.Build.0 = Release|Any CPU
		{68BFD2A9-09B2-4A30-A8AA-0D9FE130AF0F}.Debug|Any CPU.ActiveCfg = Debug|Any CPU
		{68BFD2A9-09B2-4A30-A8AA-0D9FE130AF0F}.Debug|Any CPU.Build.0 = Debug|Any CPU
		{68BFD2A9-09B2-4A30-A8AA-0D9FE130AF0F}.Release|Any CPU.ActiveCfg = Release|Any CPU
		{68BFD2A9-09B2-4A30-A8AA-0D9FE130AF0F}.Release|Any CPU.Build.0 = Release|Any CPU
		{0FDBC2CB-3F3B-4A96-B09B-56F637A9E02E}.Debug|Any CPU.ActiveCfg = Debug|Any CPU
		{0FDBC2CB-3F3B-4A96-B09B-56F637A9E02E}.Debug|Any CPU.Build.0 = Debug|Any CPU
		{0FDBC2CB-3F3B-4A96-B09B-56F637A9E02E}.Release|Any CPU.ActiveCfg = Release|Any CPU
		{0FDBC2CB-3F3B-4A96-B09B-56F637A9E02E}.Release|Any CPU.Build.0 = Release|Any CPU
	EndGlobalSection
	GlobalSection(SolutionProperties) = preSolution
		HideSolutionNode = FALSE
	EndGlobalSection
	GlobalSection(ExtensibilityGlobals) = postSolution
		SolutionGuid = {C3507FDF-5590-4273-8FC4-C7FB3D1DE4C3}
	EndGlobalSection
EndGlobal
